# This file is generated by running "yarn install" inside your project.
# Manual changes might be lost - proceed with caution!

__metadata:
  version: 8
  cacheKey: 10c0

"@esbuild/aix-ppc64@npm:0.25.5":
  version: 0.25.5
  resolution: "@esbuild/aix-ppc64@npm:0.25.5"
  conditions: os=aix & cpu=ppc64
  languageName: node
  linkType: hard

"@esbuild/android-arm64@npm:0.25.5":
  version: 0.25.5
  resolution: "@esbuild/android-arm64@npm:0.25.5"
  conditions: os=android & cpu=arm64
  languageName: node
  linkType: hard

"@esbuild/android-arm@npm:0.25.5":
  version: 0.25.5
  resolution: "@esbuild/android-arm@npm:0.25.5"
  conditions: os=android & cpu=arm
  languageName: node
  linkType: hard

"@esbuild/android-x64@npm:0.25.5":
  version: 0.25.5
  resolution: "@esbuild/android-x64@npm:0.25.5"
  conditions: os=android & cpu=x64
  languageName: node
  linkType: hard

"@esbuild/darwin-arm64@npm:0.25.5":
  version: 0.25.5
  resolution: "@esbuild/darwin-arm64@npm:0.25.5"
  conditions: os=darwin & cpu=arm64
  languageName: node
  linkType: hard

"@esbuild/darwin-x64@npm:0.25.5":
  version: 0.25.5
  resolution: "@esbuild/darwin-x64@npm:0.25.5"
  conditions: os=darwin & cpu=x64
  languageName: node
  linkType: hard

"@esbuild/freebsd-arm64@npm:0.25.5":
  version: 0.25.5
  resolution: "@esbuild/freebsd-arm64@npm:0.25.5"
  conditions: os=freebsd & cpu=arm64
  languageName: node
  linkType: hard

"@esbuild/freebsd-x64@npm:0.25.5":
  version: 0.25.5
  resolution: "@esbuild/freebsd-x64@npm:0.25.5"
  conditions: os=freebsd & cpu=x64
  languageName: node
  linkType: hard

"@esbuild/linux-arm64@npm:0.25.5":
  version: 0.25.5
  resolution: "@esbuild/linux-arm64@npm:0.25.5"
  conditions: os=linux & cpu=arm64
  languageName: node
  linkType: hard

"@esbuild/linux-arm@npm:0.25.5":
  version: 0.25.5
  resolution: "@esbuild/linux-arm@npm:0.25.5"
  conditions: os=linux & cpu=arm
  languageName: node
  linkType: hard

"@esbuild/linux-ia32@npm:0.25.5":
  version: 0.25.5
  resolution: "@esbuild/linux-ia32@npm:0.25.5"
  conditions: os=linux & cpu=ia32
  languageName: node
  linkType: hard

"@esbuild/linux-loong64@npm:0.25.5":
  version: 0.25.5
  resolution: "@esbuild/linux-loong64@npm:0.25.5"
  conditions: os=linux & cpu=loong64
  languageName: node
  linkType: hard

"@esbuild/linux-mips64el@npm:0.25.5":
  version: 0.25.5
  resolution: "@esbuild/linux-mips64el@npm:0.25.5"
  conditions: os=linux & cpu=mips64el
  languageName: node
  linkType: hard

"@esbuild/linux-ppc64@npm:0.25.5":
  version: 0.25.5
  resolution: "@esbuild/linux-ppc64@npm:0.25.5"
  conditions: os=linux & cpu=ppc64
  languageName: node
  linkType: hard

"@esbuild/linux-riscv64@npm:0.25.5":
  version: 0.25.5
  resolution: "@esbuild/linux-riscv64@npm:0.25.5"
  conditions: os=linux & cpu=riscv64
  languageName: node
  linkType: hard

"@esbuild/linux-s390x@npm:0.25.5":
  version: 0.25.5
  resolution: "@esbuild/linux-s390x@npm:0.25.5"
  conditions: os=linux & cpu=s390x
  languageName: node
  linkType: hard

"@esbuild/linux-x64@npm:0.25.5":
  version: 0.25.5
  resolution: "@esbuild/linux-x64@npm:0.25.5"
  conditions: os=linux & cpu=x64
  languageName: node
  linkType: hard

"@esbuild/netbsd-arm64@npm:0.25.5":
  version: 0.25.5
  resolution: "@esbuild/netbsd-arm64@npm:0.25.5"
  conditions: os=netbsd & cpu=arm64
  languageName: node
  linkType: hard

"@esbuild/netbsd-x64@npm:0.25.5":
  version: 0.25.5
  resolution: "@esbuild/netbsd-x64@npm:0.25.5"
  conditions: os=netbsd & cpu=x64
  languageName: node
  linkType: hard

"@esbuild/openbsd-arm64@npm:0.25.5":
  version: 0.25.5
  resolution: "@esbuild/openbsd-arm64@npm:0.25.5"
  conditions: os=openbsd & cpu=arm64
  languageName: node
  linkType: hard

"@esbuild/openbsd-x64@npm:0.25.5":
  version: 0.25.5
  resolution: "@esbuild/openbsd-x64@npm:0.25.5"
  conditions: os=openbsd & cpu=x64
  languageName: node
  linkType: hard

"@esbuild/sunos-x64@npm:0.25.5":
  version: 0.25.5
  resolution: "@esbuild/sunos-x64@npm:0.25.5"
  conditions: os=sunos & cpu=x64
  languageName: node
  linkType: hard

"@esbuild/win32-arm64@npm:0.25.5":
  version: 0.25.5
  resolution: "@esbuild/win32-arm64@npm:0.25.5"
  conditions: os=win32 & cpu=arm64
  languageName: node
  linkType: hard

"@esbuild/win32-ia32@npm:0.25.5":
  version: 0.25.5
  resolution: "@esbuild/win32-ia32@npm:0.25.5"
  conditions: os=win32 & cpu=ia32
  languageName: node
  linkType: hard

"@esbuild/win32-x64@npm:0.25.5":
  version: 0.25.5
  resolution: "@esbuild/win32-x64@npm:0.25.5"
  conditions: os=win32 & cpu=x64
  languageName: node
  linkType: hard

"@tabler/icons-react@npm:^3.34.0":
  version: 3.34.0
  resolution: "@tabler/icons-react@npm:3.34.0"
  dependencies:
    "@tabler/icons": "npm:3.34.0"
  peerDependencies:
    react: ">= 16"
  checksum: 10c0/b2d094c6ae02fc157d9a059e06c65b1dd49a96c7fc77a57bc9acf289899df66504bcab533e7a22d9ec3ca7c3952176c6c916e84aff827b24d2c69ecc7bfc737d
  languageName: node
  linkType: hard

"@tabler/icons@npm:3.34.0":
  version: 3.34.0
  resolution: "@tabler/icons@npm:3.34.0"
  checksum: 10c0/7b4bb937e051ece9258ab4321363f284a4c1d53fbe0211c6976bff41d0ca031e8196156595bb30fa2bfb963f1771814d1438aa01a4422df9a6e21a46ebe6cc9b
  languageName: node
  linkType: hard

"assistant-web@workspace:.":
  version: 0.0.0-use.local
  resolution: "assistant-web@workspace:."
  dependencies:
    "@tabler/icons-react": "npm:^3.34.0"
    chokidar: "npm:^4.0.1"
    esbuild: "npm:^0.25.5"
    prop-types: "npm:^15.8.1"
    react: "npm:19"
    react-dom: "npm:19"
  languageName: unknown
  linkType: soft

"chokidar@npm:^4.0.1":
  version: 4.0.3
  resolution: "chokidar@npm:4.0.3"
  dependencies:
    readdirp: "npm:^4.0.1"
  checksum: 10c0/a58b9df05bb452f7d105d9e7229ac82fa873741c0c40ddcc7bb82f8a909fbe3f7814c9ebe9bc9a2bef9b737c0ec6e2d699d179048ef06ad3ec46315df0ebe6ad
  languageName: node
  linkType: hard

"esbuild@npm:^0.25.5":
  version: 0.25.5
  resolution: "esbuild@npm:0.25.5"
  dependencies:
    "@esbuild/aix-ppc64": "npm:0.25.5"
    "@esbuild/android-arm": "npm:0.25.5"
    "@esbuild/android-arm64": "npm:0.25.5"
    "@esbuild/android-x64": "npm:0.25.5"
    "@esbuild/darwin-arm64": "npm:0.25.5"
    "@esbuild/darwin-x64": "npm:0.25.5"
    "@esbuild/freebsd-arm64": "npm:0.25.5"
    "@esbuild/freebsd-x64": "npm:0.25.5"
    "@esbuild/linux-arm": "npm:0.25.5"
    "@esbuild/linux-arm64": "npm:0.25.5"
    "@esbuild/linux-ia32": "npm:0.25.5"
    "@esbuild/linux-loong64": "npm:0.25.5"
    "@esbuild/linux-mips64el": "npm:0.25.5"
    "@esbuild/linux-ppc64": "npm:0.25.5"
    "@esbuild/linux-riscv64": "npm:0.25.5"
    "@esbuild/linux-s390x": "npm:0.25.5"
    "@esbuild/linux-x64": "npm:0.25.5"
    "@esbuild/netbsd-arm64": "npm:0.25.5"
    "@esbuild/netbsd-x64": "npm:0.25.5"
    "@esbuild/openbsd-arm64": "npm:0.25.5"
    "@esbuild/openbsd-x64": "npm:0.25.5"
    "@esbuild/sunos-x64": "npm:0.25.5"
    "@esbuild/win32-arm64": "npm:0.25.5"
    "@esbuild/win32-ia32": "npm:0.25.5"
    "@esbuild/win32-x64": "npm:0.25.5"
  dependenciesMeta:
    "@esbuild/aix-ppc64":
      optional: true
    "@esbuild/android-arm":
      optional: true
    "@esbuild/android-arm64":
      optional: true
    "@esbuild/android-x64":
      optional: true
    "@esbuild/darwin-arm64":
      optional: true
    "@esbuild/darwin-x64":
      optional: true
    "@esbuild/freebsd-arm64":
      optional: true
    "@esbuild/freebsd-x64":
      optional: true
    "@esbuild/linux-arm":
      optional: true
    "@esbuild/linux-arm64":
      optional: true
    "@esbuild/linux-ia32":
      optional: true
    "@esbuild/linux-loong64":
      optional: true
    "@esbuild/linux-mips64el":
      optional: true
    "@esbuild/linux-ppc64":
      optional: true
    "@esbuild/linux-riscv64":
      optional: true
    "@esbuild/linux-s390x":
      optional: true
    "@esbuild/linux-x64":
      optional: true
    "@esbuild/netbsd-arm64":
      optional: true
    "@esbuild/netbsd-x64":
      optional: true
    "@esbuild/openbsd-arm64":
      optional: true
    "@esbuild/openbsd-x64":
      optional: true
    "@esbuild/sunos-x64":
      optional: true
    "@esbuild/win32-arm64":
      optional: true
    "@esbuild/win32-ia32":
      optional: true
    "@esbuild/win32-x64":
      optional: true
  bin:
    esbuild: bin/esbuild
  checksum: 10c0/aba8cbc11927fa77562722ed5e95541ce2853f67ad7bdc40382b558abc2e0ec57d92ffb820f082ba2047b4ef9f3bc3da068cdebe30dfd3850cfa3827a78d604e
  languageName: node
  linkType: hard

"js-tokens@npm:^3.0.0 || ^4.0.0":
  version: 4.0.0
  resolution: "js-tokens@npm:4.0.0"
  checksum: 10c0/e248708d377aa058eacf2037b07ded847790e6de892bbad3dac0abba2e759cb9f121b00099a65195616badcb6eca8d14d975cb3e89eb1cfda644756402c8aeed
  languageName: node
  linkType: hard

"loose-envify@npm:^1.4.0":
  version: 1.4.0
  resolution: "loose-envify@npm:1.4.0"
  dependencies:
    js-tokens: "npm:^3.0.0 || ^4.0.0"
  bin:
    loose-envify: cli.js
  checksum: 10c0/655d110220983c1a4b9c0c679a2e8016d4b67f6e9c7b5435ff5979ecdb20d0813f4dec0a08674fcbdd4846a3f07edbb50a36811fd37930b94aaa0d9daceb017e
  languageName: node
  linkType: hard

"object-assign@npm:^4.1.1":
  version: 4.1.1
  resolution: "object-assign@npm:4.1.1"
  checksum: 10c0/1f4df9945120325d041ccf7b86f31e8bcc14e73d29171e37a7903050e96b81323784ec59f93f102ec635bcf6fa8034ba3ea0a8c7e69fa202b87ae3b6cec5a414
  languageName: node
  linkType: hard

"prop-types@npm:^15.8.1":
  version: 15.8.1
  resolution: "prop-types@npm:15.8.1"
  dependencies:
    loose-envify: "npm:^1.4.0"
    object-assign: "npm:^4.1.1"
    react-is: "npm:^16.13.1"
  checksum: 10c0/59ece7ca2fb9838031d73a48d4becb9a7cc1ed10e610517c7d8f19a1e02fa47f7c27d557d8a5702bec3cfeccddc853579832b43f449e54635803f277b1c78077
  languageName: node
  linkType: hard

"react-dom@npm:19":
  version: 19.1.0
  resolution: "react-dom@npm:19.1.0"
  dependencies:
    scheduler: "npm:^0.26.0"
  peerDependencies:
    react: ^19.1.0
  checksum: 10c0/3e26e89bb6c67c9a6aa86cb888c7a7f8258f2e347a6d2a15299c17eb16e04c19194e3452bc3255bd34000a61e45e2cb51e46292392340432f133e5a5d2dfb5fc
  languageName: node
  linkType: hard

"react-is@npm:^16.13.1":
  version: 16.13.1
  resolution: "react-is@npm:16.13.1"
  checksum: 10c0/33977da7a5f1a287936a0c85639fec6ca74f4f15ef1e59a6bc20338fc73dc69555381e211f7a3529b8150a1f71e4225525b41b60b52965bda53ce7d47377ada1
  languageName: node
  linkType: hard

"react@npm:19":
  version: 19.1.0
  resolution: "react@npm:19.1.0"
  checksum: 10c0/530fb9a62237d54137a13d2cfb67a7db6a2156faed43eecc423f4713d9b20c6f2728b026b45e28fcd72e8eadb9e9ed4b089e99f5e295d2f0ad3134251bdd3698
  languageName: node
  linkType: hard

"readdirp@npm:^4.0.1":
  version: 4.1.2
  resolution: "readdirp@npm:4.1.2"
  checksum: 10c0/60a14f7619dec48c9c850255cd523e2717001b0e179dc7037cfa0895da7b9e9ab07532d324bfb118d73a710887d1e35f79c495fa91582784493e085d18c72c62
  languageName: node
  linkType: hard

"scheduler@npm:^0.26.0":
  version: 0.26.0
  resolution: "scheduler@npm:0.26.0"
  checksum: 10c0/5b8d5bfddaae3513410eda54f2268e98a376a429931921a81b5c3a2873aab7ca4d775a8caac5498f8cbc7d0daeab947cf923dbd8e215d61671f9f4e392d34356
  languageName: node
  linkType: hard
